
Microsoft Visual Studio Solution File, Format Version 10.00
# Visual Studio 2008
Project("{FAE04EC0-301F-11D3-BF4B-00C04F79EFBC}") = "Windows", "Windows\Windows.csproj", "{E6E9D2C4-D79B-404A-9D1B-6DAB443E13CF}"
EndProject
Global
	GlobalSection(SolutionConfigurationPlatforms) = preSolution
		Debug|Any CPU = Debug|Any CPU
		Release|Any CPU = Release|Any CPU
	EndGlobalSection
	GlobalSection(ProjectConfigurationPlatforms) = postSolution
		{E6E9D2C4-D79B-404A-9D1B-6DAB443E13CF}.Debug|Any CPU.ActiveCfg = Debug|Any CPU
		{E6E9D2C4-D79B-404A-9D1B-6DAB443E13CF}.Debug|Any CPU.Build.0 = Debug|Any CPU
		{E6E9D2C4-D79B-404A-9D1B-6DAB443E13CF}.Release|Any CPU.ActiveCfg = Release|Any CPU
		{E6E9D2C4-D79B-404A-9D1B-6DAB443E13CF}.Release|Any CPU.Build.0 = Release|Any CPU
	EndGlobalSection
	GlobalSection(SolutionProperties) = preSolution
		HideSolutionNode = FALSE
	EndGlobalSection
EndGlobal
