// !$*UTF8*$!
{
	archiveVersion = 1;
	classes = {
	};
	objectVersion = 45;
	objects = {

/* Begin PBXBuildFile section */
		1DDD58160DA1D0A300B32029 /* MainMenu.xib in Resources */ = {isa = PBXBuildFile; fileRef = 1DDD58140DA1D0A300B32029 /* MainMenu.xib */; };
		4F0DCCBF117DB2EA00A27EB7 /* ScriptingBridge.framework in Frameworks */ = {isa = PBXBuildFile; fileRef = 4F0DCCBE117DB2EA00A27EB7 /* ScriptingBridge.framework */; };
		4F43CB60112DEAB900E4B728 /* device.png in Resources */ = {isa = PBXBuildFile; fileRef = 4F43CB5B112DEAB900E4B728 /* device.png */; };
		4F43CB61112DEAB900E4B728 /* video.png in Resources */ = {isa = PBXBuildFile; fileRef = 4F43CB5C112DEAB900E4B728 /* video.png */; };
		4F6948B4114A9985001514E5 /* dsa_pub.pem in Resources */ = {isa = PBXBuildFile; fileRef = 4F6948B3114A9985001514E5 /* dsa_pub.pem */; };
		4F95FF1D11333093008B7180 /* bgwithbox.jpg in Resources */ = {isa = PBXBuildFile; fileRef = 4F95FF1C11333093008B7180 /* bgwithbox.jpg */; };
		4F963F0C1136DE94004C8F19 /* FFMPEGOutputWindow.xib in Resources */ = {isa = PBXBuildFile; fileRef = 4F963F0B1136DE94004C8F19 /* FFMPEGOutputWindow.xib */; };
		4F9D10EA114EBE9F00CB443E /* icon.icns in Resources */ = {isa = PBXBuildFile; fileRef = 4F9D10E9114EBE9F00CB443E /* icon.icns */; };
		4F9D116411418B1500839BBE /* Sparkle.framework in Frameworks */ = {isa = PBXBuildFile; fileRef = 4F9D116311418B1500839BBE /* Sparkle.framework */; };
		4F9D117111418B2D00839BBE /* Sparkle.framework in CopyFiles */ = {isa = PBXBuildFile; fileRef = 4F9D116311418B1500839BBE /* Sparkle.framework */; };
		4F9F62D01135B1B40040352C /* bg.jpg in Resources */ = {isa = PBXBuildFile; fileRef = 4F9F62CF1135B1B40040352C /* bg.jpg */; };
		4F9F62D81135B2970040352C /* Converting.xib in Resources */ = {isa = PBXBuildFile; fileRef = 4F9F62D61135B2970040352C /* Converting.xib */; };
		4FA02DAE117B97C2004DE43A /* ClickableText.m in Sources */ = {isa = PBXBuildFile; fileRef = 4FA02DA0117B97C2004DE43A /* ClickableText.m */; };
		4FA02DAF117B97C2004DE43A /* CWTask.m in Sources */ = {isa = PBXBuildFile; fileRef = 4FA02DA2117B97C2004DE43A /* CWTask.m */; };
		4FA02DB0117B97C2004DE43A /* CWTaskWatcher.m in Sources */ = {isa = PBXBuildFile; fileRef = 4FA02DA4117B97C2004DE43A /* CWTaskWatcher.m */; };
		4FA02DB1117B97C2004DE43A /* DropBoxView.m in Sources */ = {isa = PBXBuildFile; fileRef = 4FA02DA6117B97C2004DE43A /* DropBoxView.m */; };
		4FA02DB2117B97C2004DE43A /* main.m in Sources */ = {isa = PBXBuildFile; fileRef = 4FA02DA7117B97C2004DE43A /* main.m */; };
		4FA02DB3117B97C2004DE43A /* Miro_Video_ConverterAppDelegate.m in Sources */ = {isa = PBXBuildFile; fileRef = 4FA02DA9117B97C2004DE43A /* Miro_Video_ConverterAppDelegate.m */; };
		4FA02DB4117B97C2004DE43A /* RootViewController.m in Sources */ = {isa = PBXBuildFile; fileRef = 4FA02DAB117B97C2004DE43A /* RootViewController.m */; };
		4FA02DB5117B97C2004DE43A /* VideoConversionCommands.m in Sources */ = {isa = PBXBuildFile; fileRef = 4FA02DAD117B97C2004DE43A /* VideoConversionCommands.m */; };
		4FA4090A11550D4900241C47 /* ffmpeg in Resources */ = {isa = PBXBuildFile; fileRef = 4FA4090911550D4900241C47 /* ffmpeg */; };
		4FFC7D6B113B185200CC16E2 /* libx264hq.ffpreset in Resources */ = {isa = PBXBuildFile; fileRef = 4FFC7D6A113B185200CC16E2 /* libx264hq.ffpreset */; };
		4FFC7D7C113B19AD00CC16E2 /* ffmpeg2theora in Resources */ = {isa = PBXBuildFile; fileRef = 4FFC7D7B113B19AD00CC16E2 /* ffmpeg2theora */; };
		8D11072B0486CEB800E47090 /* InfoPlist.strings in Resources */ = {isa = PBXBuildFile; fileRef = 089C165CFE840E0CC02AAC07 /* InfoPlist.strings */; };
		8D11072F0486CEB800E47090 /* Cocoa.framework in Frameworks */ = {isa = PBXBuildFile; fileRef = 1058C7A1FEA54F0111CA2CBB /* Cocoa.framework */; };
/* End PBXBuildFile section */

/* Begin PBXCopyFilesBuildPhase section */
		4FE34107113D09E400712467 /* CopyFiles */ = {
			isa = PBXCopyFilesBuildPhase;
			buildActionMask = 2147483647;
			dstPath = "";
			dstSubfolderSpec = 10;
			files = (
				4F9D117111418B2D00839BBE /* Sparkle.framework in CopyFiles */,
			);
			runOnlyForDeploymentPostprocessing = 0;
		};
/* End PBXCopyFilesBuildPhase section */

/* Begin PBXFileReference section */
		089C165DFE840E0CC02AAC07 /* English */ = {isa = PBXFileReference; fileEncoding = 4; lastKnownFileType = text.plist.strings; name = English; path = English.lproj/InfoPlist.strings; sourceTree = "<group>"; };
		1058C7A1FEA54F0111CA2CBB /* Cocoa.framework */ = {isa = PBXFileReference; lastKnownFileType = wrapper.framework; name = Cocoa.framework; path = /System/Library/Frameworks/Cocoa.framework; sourceTree = "<absolute>"; };
		13E42FB307B3F0F600E4EEF1 /* CoreData.framework */ = {isa = PBXFileReference; lastKnownFileType = wrapper.framework; name = CoreData.framework; path = /System/Library/Frameworks/CoreData.framework; sourceTree = "<absolute>"; };
		1DDD58150DA1D0A300B32029 /* English */ = {isa = PBXFileReference; lastKnownFileType = file.xib; name = English; path = English.lproj/MainMenu.xib; sourceTree = "<group>"; };
		256AC3F00F4B6AF500CF3369 /* Miro_Video_Converter_Prefix.pch */ = {isa = PBXFileReference; fileEncoding = 4; lastKnownFileType = sourcecode.c.h; path = Miro_Video_Converter_Prefix.pch; sourceTree = "<group>"; };
		29B97324FDCFA39411CA2CEA /* AppKit.framework */ = {isa = PBXFileReference; lastKnownFileType = wrapper.framework; name = AppKit.framework; path = /System/Library/Frameworks/AppKit.framework; sourceTree = "<absolute>"; };
		29B97325FDCFA39411CA2CEA /* Foundation.framework */ = {isa = PBXFileReference; lastKnownFileType = wrapper.framework; name = Foundation.framework; path = /System/Library/Frameworks/Foundation.framework; sourceTree = "<absolute>"; };
		4F0DCCBE117DB2EA00A27EB7 /* ScriptingBridge.framework */ = {isa = PBXFileReference; lastKnownFileType = wrapper.framework; name = ScriptingBridge.framework; path = System/Library/Frameworks/ScriptingBridge.framework; sourceTree = SDKROOT; };
		4F43CB5B112DEAB900E4B728 /* device.png */ = {isa = PBXFileReference; lastKnownFileType = image.png; name = device.png; path = ../MSWindows/Windows/resources/device.png; sourceTree = SOURCE_ROOT; };
		4F43CB5C112DEAB900E4B728 /* video.png */ = {isa = PBXFileReference; lastKnownFileType = image.png; name = video.png; path = ../MSWindows/Windows/resources/video.png; sourceTree = SOURCE_ROOT; };
		4F6948B3114A9985001514E5 /* dsa_pub.pem */ = {isa = PBXFileReference; fileEncoding = 4; lastKnownFileType = text; path = dsa_pub.pem; sourceTree = "<group>"; };
		4F95FF1C11333093008B7180 /* bgwithbox.jpg */ = {isa = PBXFileReference; lastKnownFileType = image.jpeg; path = bgwithbox.jpg; sourceTree = "<group>"; };
		4F963F0B1136DE94004C8F19 /* FFMPEGOutputWindow.xib */ = {isa = PBXFileReference; lastKnownFileType = file.xib; path = FFMPEGOutputWindow.xib; sourceTree = "<group>"; };
		4F9D10E9114EBE9F00CB443E /* icon.icns */ = {isa = PBXFileReference; lastKnownFileType = image.icns; path = icon.icns; sourceTree = "<group>"; };
		4F9D116311418B1500839BBE /* Sparkle.framework */ = {isa = PBXFileReference; lastKnownFileType = wrapper.framework; path = Sparkle.framework; sourceTree = "<group>"; };
		4F9F62CF1135B1B40040352C /* bg.jpg */ = {isa = PBXFileReference; lastKnownFileType = image.jpeg; name = bg.jpg; path = ../MSWindows/Windows/resources/bg.jpg; sourceTree = SOURCE_ROOT; };
		4F9F62D71135B2970040352C /* English */ = {isa = PBXFileReference; lastKnownFileType = file.xib; name = English; path = English.lproj/Converting.xib; sourceTree = "<group>"; };
		4FA02D9F117B97C2004DE43A /* ClickableText.h */ = {isa = PBXFileReference; fileEncoding = 4; lastKnownFileType = sourcecode.c.h; name = ClickableText.h; path = Classes/ClickableText.h; sourceTree = "<group>"; };
		4FA02DA0117B97C2004DE43A /* ClickableText.m */ = {isa = PBXFileReference; fileEncoding = 4; lastKnownFileType = sourcecode.c.objc; name = ClickableText.m; path = Classes/ClickableText.m; sourceTree = "<group>"; };
		4FA02DA1117B97C2004DE43A /* CWTask.h */ = {isa = PBXFileReference; fileEncoding = 4; lastKnownFileType = sourcecode.c.h; name = CWTask.h; path = Classes/CWTask.h; sourceTree = "<group>"; };
		4FA02DA2117B97C2004DE43A /* CWTask.m */ = {isa = PBXFileReference; fileEncoding = 4; lastKnownFileType = sourcecode.c.objc; name = CWTask.m; path = Classes/CWTask.m; sourceTree = "<group>"; };
		4FA02DA3117B97C2004DE43A /* CWTaskWatcher.h */ = {isa = PBXFileReference; fileEncoding = 4; lastKnownFileType = sourcecode.c.h; name = CWTaskWatcher.h; path = Classes/CWTaskWatcher.h; sourceTree = "<group>"; };
		4FA02DA4117B97C2004DE43A /* CWTaskWatcher.m */ = {isa = PBXFileReference; fileEncoding = 4; lastKnownFileType = sourcecode.c.objc; name = CWTaskWatcher.m; path = Classes/CWTaskWatcher.m; sourceTree = "<group>"; };
		4FA02DA5117B97C2004DE43A /* DropBoxView.h */ = {isa = PBXFileReference; fileEncoding = 4; lastKnownFileType = sourcecode.c.h; name = DropBoxView.h; path = Classes/DropBoxView.h; sourceTree = "<group>"; };
		4FA02DA6117B97C2004DE43A /* DropBoxView.m */ = {isa = PBXFileReference; fileEncoding = 4; lastKnownFileType = sourcecode.c.objc; name = DropBoxView.m; path = Classes/DropBoxView.m; sourceTree = "<group>"; };
		4FA02DA7117B97C2004DE43A /* main.m */ = {isa = PBXFileReference; fileEncoding = 4; lastKnownFileType = sourcecode.c.objc; name = main.m; path = Classes/main.m; sourceTree = "<group>"; };
		4FA02DA8117B97C2004DE43A /* Miro_Video_ConverterAppDelegate.h */ = {isa = PBXFileReference; fileEncoding = 4; lastKnownFileType = sourcecode.c.h; name = Miro_Video_ConverterAppDelegate.h; path = Classes/Miro_Video_ConverterAppDelegate.h; sourceTree = "<group>"; };
		4FA02DA9117B97C2004DE43A /* Miro_Video_ConverterAppDelegate.m */ = {isa = PBXFileReference; fileEncoding = 4; lastKnownFileType = sourcecode.c.objc; name = Miro_Video_ConverterAppDelegate.m; path = Classes/Miro_Video_ConverterAppDelegate.m; sourceTree = "<group>"; };
		4FA02DAA117B97C2004DE43A /* RootViewController.h */ = {isa = PBXFileReference; fileEncoding = 4; lastKnownFileType = sourcecode.c.h; name = RootViewController.h; path = Classes/RootViewController.h; sourceTree = "<group>"; };
		4FA02DAB117B97C2004DE43A /* RootViewController.m */ = {isa = PBXFileReference; fileEncoding = 4; lastKnownFileType = sourcecode.c.objc; name = RootViewController.m; path = Classes/RootViewController.m; sourceTree = "<group>"; };
		4FA02DAC117B97C2004DE43A /* VideoConversionCommands.h */ = {isa = PBXFileReference; fileEncoding = 4; lastKnownFileType = sourcecode.c.h; name = VideoConversionCommands.h; path = Classes/VideoConversionCommands.h; sourceTree = "<group>"; };
		4FA02DAD117B97C2004DE43A /* VideoConversionCommands.m */ = {isa = PBXFileReference; fileEncoding = 4; lastKnownFileType = sourcecode.c.objc; name = VideoConversionCommands.m; path = Classes/VideoConversionCommands.m; sourceTree = "<group>"; };
		4FA4090911550D4900241C47 /* ffmpeg */ = {isa = PBXFileReference; lastKnownFileType = "compiled.mach-o.executable"; path = ffmpeg; sourceTree = "<group>"; };
		4FFC7D6A113B185200CC16E2 /* libx264hq.ffpreset */ = {isa = PBXFileReference; fileEncoding = 4; lastKnownFileType = text; name = libx264hq.ffpreset; path = "../MSWindows/Windows/ffmpeg-bin/libx264hq.ffpreset"; sourceTree = SOURCE_ROOT; };
		4FFC7D7B113B19AD00CC16E2 /* ffmpeg2theora */ = {isa = PBXFileReference; lastKnownFileType = "compiled.mach-o.executable"; path = ffmpeg2theora; sourceTree = "<group>"; };
		8D1107310486CEB800E47090 /* Miro_Video_Converter-Info.plist */ = {isa = PBXFileReference; fileEncoding = 4; lastKnownFileType = text.plist.xml; path = "Miro_Video_Converter-Info.plist"; sourceTree = "<group>"; };
		8D1107320486CEB800E47090 /* Miro Video Converter.app */ = {isa = PBXFileReference; explicitFileType = wrapper.application; includeInIndex = 0; path = "Miro Video Converter.app"; sourceTree = BUILT_PRODUCTS_DIR; };
/* End PBXFileReference section */

/* Begin PBXFrameworksBuildPhase section */
		8D11072E0486CEB800E47090 /* Frameworks */ = {
			isa = PBXFrameworksBuildPhase;
			buildActionMask = 2147483647;
			files = (
				8D11072F0486CEB800E47090 /* Cocoa.framework in Frameworks */,
				4F9D116411418B1500839BBE /* Sparkle.framework in Frameworks */,
				4F0DCCBF117DB2EA00A27EB7 /* ScriptingBridge.framework in Frameworks */,
			);
			runOnlyForDeploymentPostprocessing = 0;
		};
/* End PBXFrameworksBuildPhase section */

/* Begin PBXGroup section */
		1058C7A0FEA54F0111CA2CBB /* Linked Frameworks */ = {
			isa = PBXGroup;
			children = (
				4F9D116311418B1500839BBE /* Sparkle.framework */,
				1058C7A1FEA54F0111CA2CBB /* Cocoa.framework */,
			);
			name = "Linked Frameworks";
			sourceTree = "<group>";
		};
		1058C7A2FEA54F0111CA2CBB /* Other Frameworks */ = {
			isa = PBXGroup;
			children = (
				29B97324FDCFA39411CA2CEA /* AppKit.framework */,
				13E42FB307B3F0F600E4EEF1 /* CoreData.framework */,
				29B97325FDCFA39411CA2CEA /* Foundation.framework */,
				4F0DCCBE117DB2EA00A27EB7 /* ScriptingBridge.framework */,
			);
			name = "Other Frameworks";
			sourceTree = "<group>";
		};
		19C28FACFE9D520D11CA2CBB /* Products */ = {
			isa = PBXGroup;
			children = (
				8D1107320486CEB800E47090 /* Miro Video Converter.app */,
			);
			name = Products;
			sourceTree = "<group>";
		};
		29B97314FDCFA39411CA2CEA /* Miro Video Converter */ = {
			isa = PBXGroup;
			children = (
				4FA02DC0117B982B004DE43A /* Sparkle public codesign key */,
				4F3CDDF91140DF3D0061E70B /* Classes */,
				29B97317FDCFA39411CA2CEA /* Resources */,
				29B97323FDCFA39411CA2CEA /* Frameworks */,
				19C28FACFE9D520D11CA2CBB /* Products */,
			);
			name = "Miro Video Converter";
			sourceTree = "<group>";
		};
		29B97317FDCFA39411CA2CEA /* Resources */ = {
			isa = PBXGroup;
			children = (
				4FA4090911550D4900241C47 /* ffmpeg */,
				4FFC7D7B113B19AD00CC16E2 /* ffmpeg2theora */,
				4FFC7D6A113B185200CC16E2 /* libx264hq.ffpreset */,
				4F9F62CF1135B1B40040352C /* bg.jpg */,
				4F95FF1C11333093008B7180 /* bgwithbox.jpg */,
				4F9D10E9114EBE9F00CB443E /* icon.icns */,
				4F43CB5B112DEAB900E4B728 /* device.png */,
				4F43CB5C112DEAB900E4B728 /* video.png */,
				8D1107310486CEB800E47090 /* Miro_Video_Converter-Info.plist */,
				089C165CFE840E0CC02AAC07 /* InfoPlist.strings */,
				1DDD58140DA1D0A300B32029 /* MainMenu.xib */,
				4F9F62D61135B2970040352C /* Converting.xib */,
				4F963F0B1136DE94004C8F19 /* FFMPEGOutputWindow.xib */,
			);
			name = Resources;
			sourceTree = "<group>";
		};
		29B97323FDCFA39411CA2CEA /* Frameworks */ = {
			isa = PBXGroup;
			children = (
				1058C7A0FEA54F0111CA2CBB /* Linked Frameworks */,
				1058C7A2FEA54F0111CA2CBB /* Other Frameworks */,
			);
			name = Frameworks;
			sourceTree = "<group>";
		};
		4F3CDDF91140DF3D0061E70B /* Classes */ = {
			isa = PBXGroup;
			children = (
				4FA02D9F117B97C2004DE43A /* ClickableText.h */,
				4FA02DA0117B97C2004DE43A /* ClickableText.m */,
				4FA02DA1117B97C2004DE43A /* CWTask.h */,
				4FA02DA2117B97C2004DE43A /* CWTask.m */,
				4FA02DA3117B97C2004DE43A /* CWTaskWatcher.h */,
				4FA02DA4117B97C2004DE43A /* CWTaskWatcher.m */,
				4FA02DA5117B97C2004DE43A /* DropBoxView.h */,
				4FA02DA6117B97C2004DE43A /* DropBoxView.m */,
				4FA02DA7117B97C2004DE43A /* main.m */,
				4FA02DA8117B97C2004DE43A /* Miro_Video_ConverterAppDelegate.h */,
				4FA02DA9117B97C2004DE43A /* Miro_Video_ConverterAppDelegate.m */,
				4FA02DAA117B97C2004DE43A /* RootViewController.h */,
				4FA02DAB117B97C2004DE43A /* RootViewController.m */,
				4FA02DAC117B97C2004DE43A /* VideoConversionCommands.h */,
				4FA02DAD117B97C2004DE43A /* VideoConversionCommands.m */,
				256AC3F00F4B6AF500CF3369 /* Miro_Video_Converter_Prefix.pch */,
			);
			name = Classes;
			sourceTree = "<group>";
		};
		4FA02DC0117B982B004DE43A /* Sparkle public codesign key */ = {
			isa = PBXGroup;
			children = (
				4F6948B3114A9985001514E5 /* dsa_pub.pem */,
			);
			name = "Sparkle public codesign key";
			sourceTree = "<group>";
		};
/* End PBXGroup section */

/* Begin PBXNativeTarget section */
		8D1107260486CEB800E47090 /* Miro Video Converter */ = {
			isa = PBXNativeTarget;
			buildConfigurationList = C01FCF4A08A954540054247B /* Build configuration list for PBXNativeTarget "Miro Video Converter" */;
			buildPhases = (
				8D1107290486CEB800E47090 /* Resources */,
				8D11072C0486CEB800E47090 /* Sources */,
				8D11072E0486CEB800E47090 /* Frameworks */,
				4FE34107113D09E400712467 /* CopyFiles */,
				4F5B7FD3114D67620032F806 /* ShellScript */,
			);
			buildRules = (
			);
			dependencies = (
			);
			name = "Miro Video Converter";
			productInstallPath = "$(HOME)/Applications";
			productName = "Miro Video Converter";
			productReference = 8D1107320486CEB800E47090 /* Miro Video Converter.app */;
			productType = "com.apple.product-type.application";
		};
/* End PBXNativeTarget section */

/* Begin PBXProject section */
		29B97313FDCFA39411CA2CEA /* Project object */ = {
			isa = PBXProject;
			attributes = {
				BuildIndependentTargetsInParallel = NO;
			};
			buildConfigurationList = C01FCF4E08A954540054247B /* Build configuration list for PBXProject "Miro Video Converter" */;
			compatibilityVersion = "Xcode 3.1";
			hasScannedForEncodings = 1;
			mainGroup = 29B97314FDCFA39411CA2CEA /* Miro Video Converter */;
			projectDirPath = "";
			projectRoot = "";
			targets = (
				8D1107260486CEB800E47090 /* Miro Video Converter */,
			);
		};
/* End PBXProject section */

/* Begin PBXResourcesBuildPhase section */
		8D1107290486CEB800E47090 /* Resources */ = {
			isa = PBXResourcesBuildPhase;
			buildActionMask = 2147483647;
			files = (
				8D11072B0486CEB800E47090 /* InfoPlist.strings in Resources */,
				1DDD58160DA1D0A300B32029 /* MainMenu.xib in Resources */,
				4F43CB60112DEAB900E4B728 /* device.png in Resources */,
				4F43CB61112DEAB900E4B728 /* video.png in Resources */,
				4F95FF1D11333093008B7180 /* bgwithbox.jpg in Resources */,
				4F9F62D01135B1B40040352C /* bg.jpg in Resources */,
				4F9F62D81135B2970040352C /* Converting.xib in Resources */,
				4F963F0C1136DE94004C8F19 /* FFMPEGOutputWindow.xib in Resources */,
				4FFC7D6B113B185200CC16E2 /* libx264hq.ffpreset in Resources */,
				4FFC7D7C113B19AD00CC16E2 /* ffmpeg2theora in Resources */,
				4F6948B4114A9985001514E5 /* dsa_pub.pem in Resources */,
				4F9D10EA114EBE9F00CB443E /* icon.icns in Resources */,
				4FA4090A11550D4900241C47 /* ffmpeg in Resources */,
			);
			runOnlyForDeploymentPostprocessing = 0;
		};
/* End PBXResourcesBuildPhase section */

/* Begin PBXShellScriptBuildPhase section */
		4F5B7FD3114D67620032F806 /* ShellScript */ = {
			isa = PBXShellScriptBuildPhase;
			buildActionMask = 2147483647;
			files = (
			);
			inputPaths = (
			);
			outputPaths = (
			);
			runOnlyForDeploymentPostprocessing = 0;
			shellPath = /bin/sh;
			shellScript = "cp ffmpeg build/Release/Miro\\ Video\\ Converter.app/Contents/Resources";
		};
/* End PBXShellScriptBuildPhase section */

/* Begin PBXSourcesBuildPhase section */
		8D11072C0486CEB800E47090 /* Sources */ = {
			isa = PBXSourcesBuildPhase;
			buildActionMask = 2147483647;
			files = (
				4FA02DAE117B97C2004DE43A /* ClickableText.m in Sources */,
				4FA02DAF117B97C2004DE43A /* CWTask.m in Sources */,
				4FA02DB0117B97C2004DE43A /* CWTaskWatcher.m in Sources */,
				4FA02DB1117B97C2004DE43A /* DropBoxView.m in Sources */,
				4FA02DB2117B97C2004DE43A /* main.m in Sources */,
				4FA02DB3117B97C2004DE43A /* Miro_Video_ConverterAppDelegate.m in Sources */,
				4FA02DB4117B97C2004DE43A /* RootViewController.m in Sources */,
				4FA02DB5117B97C2004DE43A /* VideoConversionCommands.m in Sources */,
			);
			runOnlyForDeploymentPostprocessing = 0;
		};
/* End PBXSourcesBuildPhase section */

/* Begin PBXVariantGroup section */
		089C165CFE840E0CC02AAC07 /* InfoPlist.strings */ = {
			isa = PBXVariantGroup;
			children = (
				089C165DFE840E0CC02AAC07 /* English */,
			);
			name = InfoPlist.strings;
			sourceTree = "<group>";
		};
		1DDD58140DA1D0A300B32029 /* MainMenu.xib */ = {
			isa = PBXVariantGroup;
			children = (
				1DDD58150DA1D0A300B32029 /* English */,
			);
			name = MainMenu.xib;
			sourceTree = "<group>";
		};
		4F9F62D61135B2970040352C /* Converting.xib */ = {
			isa = PBXVariantGroup;
			children = (
				4F9F62D71135B2970040352C /* English */,
			);
			name = Converting.xib;
			sourceTree = "<group>";
		};
/* End PBXVariantGroup section */

/* Begin XCBuildConfiguration section */
		4FFC610311540A2B00EF9EE6 /* DebugTargeted */ = {
			isa = XCBuildConfiguration;
			buildSettings = {
				ARCHS = "$(NATIVE_ARCH_ACTUAL)";
				GCC_C_LANGUAGE_STANDARD = gnu99;
				GCC_OPTIMIZATION_LEVEL = 0;
				GCC_WARN_ABOUT_RETURN_TYPE = YES;
				GCC_WARN_UNUSED_VARIABLE = YES;
				ONLY_ACTIVE_ARCH = YES;
				PREBINDING = NO;
				SDKROOT = macosx10.6;
			};
			name = DebugTargeted;
		};
		4FFC610411540A2B00EF9EE6 /* DebugTargeted */ = {
			isa = XCBuildConfiguration;
			buildSettings = {
				ALWAYS_SEARCH_USER_PATHS = NO;
				COPY_PHASE_STRIP = NO;
				FRAMEWORK_SEARCH_PATHS = (
					"$(inherited)",
					"\"$(DEVELOPER_DIR)/Sparkle 1.5b6/With Garbage Collection\"",
					"\"$(SRCROOT)\"",
					"\"$(DEVELOPER_DIR)/Sparkle/With Garbage Collection\"",
					"\"$(DEVELOPER_DIR)/Sparkle\"",
				);
				GCC_DYNAMIC_NO_PIC = NO;
				GCC_ENABLE_FIX_AND_CONTINUE = YES;
				GCC_MODEL_TUNING = G5;
				GCC_OPTIMIZATION_LEVEL = 0;
				GCC_PRECOMPILE_PREFIX_HEADER = YES;
				GCC_PREFIX_HEADER = Miro_Video_Converter_Prefix.pch;
				INFOPLIST_FILE = "Miro_Video_Converter-Info.plist";
				INSTALL_PATH = "$(HOME)/Applications";
				PRODUCT_NAME = "Miro Video Converter";
			};
			name = DebugTargeted;
		};
		C01FCF4B08A954540054247B /* Debug */ = {
			isa = XCBuildConfiguration;
			buildSettings = {
				ALWAYS_SEARCH_USER_PATHS = NO;
				COPY_PHASE_STRIP = NO;
				FRAMEWORK_SEARCH_PATHS = (
					"$(inherited)",
					"\"$(DEVELOPER_DIR)/Sparkle 1.5b6/With Garbage Collection\"",
					"\"$(SRCROOT)\"",
					"\"$(DEVELOPER_DIR)/Sparkle/With Garbage Collection\"",
					"\"$(DEVELOPER_DIR)/Sparkle\"",
				);
				GCC_DYNAMIC_NO_PIC = NO;
				GCC_ENABLE_FIX_AND_CONTINUE = YES;
				GCC_MODEL_TUNING = G5;
				GCC_OPTIMIZATION_LEVEL = 0;
				GCC_PRECOMPILE_PREFIX_HEADER = YES;
				GCC_PREFIX_HEADER = Miro_Video_Converter_Prefix.pch;
				INFOPLIST_FILE = "Miro_Video_Converter-Info.plist";
				INSTALL_PATH = "$(HOME)/Applications";
				PRODUCT_NAME = "Miro Video Converter";
			};
			name = Debug;
		};
		C01FCF4C08A954540054247B /* Release */ = {
			isa = XCBuildConfiguration;
			buildSettings = {
				ALWAYS_SEARCH_USER_PATHS = NO;
				DEBUG_INFORMATION_FORMAT = "dwarf-with-dsym";
				FRAMEWORK_SEARCH_PATHS = (
					"$(inherited)",
					"\"$(DEVELOPER_DIR)/Sparkle 1.5b6/With Garbage Collection\"",
					"\"$(SRCROOT)\"",
					"\"$(DEVELOPER_DIR)/Sparkle/With Garbage Collection\"",
					"\"$(DEVELOPER_DIR)/Sparkle\"",
				);
				GCC_MODEL_TUNING = G5;
				GCC_PRECOMPILE_PREFIX_HEADER = YES;
				GCC_PREFIX_HEADER = Miro_Video_Converter_Prefix.pch;
				INFOPLIST_FILE = "Miro_Video_Converter-Info.plist";
				INSTALL_PATH = "$(HOME)/Applications";
				PRODUCT_NAME = "Miro Video Converter";
			};
			name = Release;
		};
		C01FCF4F08A954540054247B /* Debug */ = {
			isa = XCBuildConfiguration;
			buildSettings = {
				ARCHS = "$(ARCHS_STANDARD_32_64_BIT)";
				GCC_C_LANGUAGE_STANDARD = gnu99;
				GCC_OPTIMIZATION_LEVEL = 0;
				GCC_WARN_ABOUT_RETURN_TYPE = YES;
				GCC_WARN_UNUSED_VARIABLE = YES;
				ONLY_ACTIVE_ARCH = YES;
				PREBINDING = NO;
				SDKROOT = macosx10.5;
			};
			name = Debug;
		};
		C01FCF5008A954540054247B /* Release */ = {
			isa = XCBuildConfiguration;
			buildSettings = {
				ARCHS = (
					i386,
					x86_64,
					ppc,
				);
				GCC_C_LANGUAGE_STANDARD = gnu99;
				GCC_WARN_ABOUT_RETURN_TYPE = YES;
				GCC_WARN_UNUSED_VARIABLE = YES;
				MACOSX_DEPLOYMENT_TARGET = 10.5;
				ONLY_ACTIVE_ARCH = NO;
				PREBINDING = NO;
				SDKROOT = macosx10.5;
			};
			name = Release;
		};
/* End XCBuildConfiguration section */

/* Begin XCConfigurationList section */
		C01FCF4A08A954540054247B /* Build configuration list for PBXNativeTarget "Miro Video Converter" */ = {
			isa = XCConfigurationList;
			buildConfigurations = (
				C01FCF4B08A954540054247B /* Debug */,
				4FFC610411540A2B00EF9EE6 /* DebugTargeted */,
				C01FCF4C08A954540054247B /* Release */,
			);
			defaultConfigurationIsVisible = 0;
			defaultConfigurationName = Release;
		};
		C01FCF4E08A954540054247B /* Build configuration list for PBXProject "Miro Video Converter" */ = {
			isa = XCConfigurationList;
			buildConfigurations = (
				C01FCF4F08A954540054247B /* Debug */,
				4FFC610311540A2B00EF9EE6 /* DebugTargeted */,
				C01FCF5008A954540054247B /* Release */,
			);
			defaultConfigurationIsVisible = 0;
			defaultConfigurationName = Release;
		};
/* End XCConfigurationList section */
	};
	rootObject = 29B97313FDCFA39411CA2CEA /* Project object */;
}
